
Microsoft Visual Studio Solution File, Format Version 12.00
# Visual Studio Version 17
VisualStudioVersion = 17.5.33516.290
MinimumVisualStudioVersion = 10.0.40219.1
Project("{9A19103F-16F7-4668-BE54-9A1E7A4F7556}") = "umContentCreator", "umContentCreator\umContentCreator.csproj", "{4938423B-0363-4440-905B-BB39CA3553D0}"
EndProject
Project("{9A19103F-16F7-4668-BE54-9A1E7A4F7556}") = "umContentCreator.Core", "umContentCreator.Core\umContentCreator.Core.csproj", "{A28165A6-95FE-40A0-8EDC-6E63E63E20EA}"
EndProject
Global
	GlobalSection(SolutionConfigurationPlatforms) = preSolution
		Debug|Any CPU = Debug|Any CPU
		Release|Any CPU = Release|Any CPU
	EndGlobalSection
	GlobalSection(ProjectConfigurationPlatforms) = postSolution
		{4938423B-0363-4440-905B-BB39CA3553D0}.Debug|Any CPU.ActiveCfg = Debug|Any CPU
		{4938423B-0363-4440-905B-BB39CA3553D0}.Debug|Any CPU.Build.0 = Debug|Any CPU
		{4938423B-0363-4440-905B-BB39CA3553D0}.Release|Any CPU.ActiveCfg = Release|Any CPU
		{4938423B-0363-4440-905B-BB39CA3553D0}.Release|Any CPU.Build.0 = Release|Any CPU
		{A28165A6-95FE-40A0-8EDC-6E63E63E20EA}.Debug|Any CPU.ActiveCfg = Debug|Any CPU
		{A28165A6-95FE-40A0-8EDC-6E63E63E20EA}.Debug|Any CPU.Build.0 = Debug|Any CPU
		{A28165A6-95FE-40A0-8EDC-6E63E63E20EA}.Release|Any CPU.ActiveCfg = Release|Any CPU
		{A28165A6-95FE-40A0-8EDC-6E63E63E20EA}.Release|Any CPU.Build.0 = Release|Any CPU
	EndGlobalSection
	GlobalSection(SolutionProperties) = preSolution
		HideSolutionNode = FALSE
	EndGlobalSection
EndGlobal
